# @generated by Move, please check-in and do not edit manually.

[move]
version = 3
manifest_digest = "7B4749F23817EDC26968F049D56051FF412013097F73A11FD076818601CABBB7"
deps_digest = "3C4103934B1E040BB6B23F1D610B4EF9F2F1166A50A104EADCF77467C004C600"
dependencies = [
  { id = "MoveStdlib", name = "MoveStdlib" },
  { id = "One", name = "One" },
]

[[move.package]]
id = "MoveStdlib"
source = { local = "../../onechain/crates/sui-framework/packages/move-stdlib" }

[[move.package]]
id = "One"
source = { local = "../../onechain/crates/sui-framework/packages/one-framework" }

dependencies = [
  { id = "MoveStdlib", name = "MoveStdlib" },
]

[move.toolchain-version]
compiler-version = "1.1.1"
edition = "2024.beta"
flavor = "one"

[env]

[env.testnet]
chain-id = "1bd5c965"
original-published-id = "0xf9b680b02524aeb3bccd843ef1f0a9eeb316b7dce178a5e58333464247805100"
latest-published-id = "0xf9b680b02524aeb3bccd843ef1f0a9eeb316b7dce178a5e58333464247805100"
published-version = "1"
